
Microsoft Visual Studio Solution File, Format Version 12.00
# Visual Studio Version 17
VisualStudioVersion = 17.0.31903.59
MinimumVisualStudioVersion = 10.0.40219.1
Project("{FAE04EC0-301F-11D3-BF4B-00C04F79EFBC}") = "TrainingGround", "TrainingGround\TrainingGround.csproj", "{CE04DAEB-FD4A-4390-86A7-A238DE064D02}"
EndProject
Project("{FAE04EC0-301F-11D3-BF4B-00C04F79EFBC}") = "TrainingGround.Tests", "TrainingGround.Tests\TrainingGround.Tests.csproj", "{76ABC312-42C5-4F04-AA12-1798B9C5965D}"
EndProject
Global
	GlobalSection(SolutionConfigurationPlatforms) = preSolution
		Debug|Any CPU = Debug|Any CPU
		Release|Any CPU = Release|Any CPU
	EndGlobalSection
	GlobalSection(SolutionProperties) = preSolution
		HideSolutionNode = FALSE
	EndGlobalSection
	GlobalSection(ProjectConfigurationPlatforms) = postSolution
		{CE04DAEB-FD4A-4390-86A7-A238DE064D02}.Debug|Any CPU.ActiveCfg = Debug|Any CPU
		{CE04DAEB-FD4A-4390-86A7-A238DE064D02}.Debug|Any CPU.Build.0 = Debug|Any CPU
		{CE04DAEB-FD4A-4390-86A7-A238DE064D02}.Release|Any CPU.ActiveCfg = Release|Any CPU
		{CE04DAEB-FD4A-4390-86A7-A238DE064D02}.Release|Any CPU.Build.0 = Release|Any CPU
		{76ABC312-42C5-4F04-AA12-1798B9C5965D}.Debug|Any CPU.ActiveCfg = Debug|Any CPU
		{76ABC312-42C5-4F04-AA12-1798B9C5965D}.Debug|Any CPU.Build.0 = Debug|Any CPU
		{76ABC312-42C5-4F04-AA12-1798B9C5965D}.Release|Any CPU.ActiveCfg = Release|Any CPU
		{76ABC312-42C5-4F04-AA12-1798B9C5965D}.Release|Any CPU.Build.0 = Release|Any CPU
	EndGlobalSection
EndGlobal
